
Microsoft Visual Studio Solution File, Format Version 12.00
# Visual Studio Version 17
VisualStudioVersion = 17.5.33414.496
MinimumVisualStudioVersion = 10.0.40219.1
Project("{FAE04EC0-301F-11D3-BF4B-00C04F79EFBC}") = "MathQuiz", "MathQuiz.csproj", "{70B635BF-1609-4CE7-AD66-2189047BABDB}"
EndProject
Global
	GlobalSection(SolutionConfigurationPlatforms) = preSolution
		Debug|Any CPU = Debug|Any CPU
		Release|Any CPU = Release|Any CPU
	EndGlobalSection
	GlobalSection(ProjectConfigurationPlatforms) = postSolution
		{70B635BF-1609-4CE7-AD66-2189047BABDB}.Debug|Any CPU.ActiveCfg = Debug|Any CPU
		{70B635BF-1609-4CE7-AD66-2189047BABDB}.Debug|Any CPU.Build.0 = Debug|Any CPU
		{70B635BF-1609-4CE7-AD66-2189047BABDB}.Release|Any CPU.ActiveCfg = Release|Any CPU
		{70B635BF-1609-4CE7-AD66-2189047BABDB}.Release|Any CPU.Build.0 = Release|Any CPU
	EndGlobalSection
	GlobalSection(SolutionProperties) = preSolution
		HideSolutionNode = FALSE
	EndGlobalSection
	GlobalSection(ExtensibilityGlobals) = postSolution
		SolutionGuid = {F94C7644-3069-4487-8F5D-3C6DB095C5B6}
	EndGlobalSection
EndGlobal
